
Microsoft Visual Studio Solution File, Format Version 12.00
# Visual Studio Version 17
VisualStudioVersion = 17.5.33414.496
MinimumVisualStudioVersion = 10.0.40219.1
Project("{8BC9CEB8-8B4A-11D0-8D11-00A0C91BC942}") = "paradigmaoop2_178", "paradigmaoop2_178\paradigmaoop2_178.vcxproj", "{E4BFE48F-B5B5-4775-8910-8A36E402D739}"
EndProject
Project("{8BC9CEB8-8B4A-11D0-8D11-00A0C91BC942}") = "problemMultiWaris", "problemMultiWaris\problemMultiWaris.vcxproj", "{D86B48A3-E8F2-4CDC-B986-776CAEFF9759}"
EndProject
Global
	GlobalSection(SolutionConfigurationPlatforms) = preSolution
		Debug|x64 = Debug|x64
		Debug|x86 = Debug|x86
		Release|x64 = Release|x64
		Release|x86 = Release|x86
	EndGlobalSection
	GlobalSection(ProjectConfigurationPlatforms) = postSolution
		{E4BFE48F-B5B5-4775-8910-8A36E402D739}.Debug|x64.ActiveCfg = Debug|x64
		{E4BFE48F-B5B5-4775-8910-8A36E402D739}.Debug|x64.Build.0 = Debug|x64
		{E4BFE48F-B5B5-4775-8910-8A36E402D739}.Debug|x86.ActiveCfg = Debug|Win32
		{E4BFE48F-B5B5-4775-8910-8A36E402D739}.Debug|x86.Build.0 = Debug|Win32
		{E4BFE48F-B5B5-4775-8910-8A36E402D739}.Release|x64.ActiveCfg = Release|x64
		{E4BFE48F-B5B5-4775-8910-8A36E402D739}.Release|x64.Build.0 = Release|x64
		{E4BFE48F-B5B5-4775-8910-8A36E402D739}.Release|x86.ActiveCfg = Release|Win32
		{E4BFE48F-B5B5-4775-8910-8A36E402D739}.Release|x86.Build.0 = Release|Win32
		{D86B48A3-E8F2-4CDC-B986-776CAEFF9759}.Debug|x64.ActiveCfg = Debug|x64
		{D86B48A3-E8F2-4CDC-B986-776CAEFF9759}.Debug|x64.Build.0 = Debug|x64
		{D86B48A3-E8F2-4CDC-B986-776CAEFF9759}.Debug|x86.ActiveCfg = Debug|Win32
		{D86B48A3-E8F2-4CDC-B986-776CAEFF9759}.Debug|x86.Build.0 = Debug|Win32
		{D86B48A3-E8F2-4CDC-B986-776CAEFF9759}.Release|x64.ActiveCfg = Release|x64
		{D86B48A3-E8F2-4CDC-B986-776CAEFF9759}.Release|x64.Build.0 = Release|x64
		{D86B48A3-E8F2-4CDC-B986-776CAEFF9759}.Release|x86.ActiveCfg = Release|Win32
		{D86B48A3-E8F2-4CDC-B986-776CAEFF9759}.Release|x86.Build.0 = Release|Win32
	EndGlobalSection
	GlobalSection(SolutionProperties) = preSolution
		HideSolutionNode = FALSE
	EndGlobalSection
	GlobalSection(ExtensibilityGlobals) = postSolution
		SolutionGuid = {C706D8D7-F837-4602-B207-18D90817EBC9}
	EndGlobalSection
EndGlobal
