
Microsoft Visual Studio Solution File, Format Version 12.00
# Visual Studio Version 17
VisualStudioVersion = 17.5.33414.496
MinimumVisualStudioVersion = 10.0.40219.1
Project("{8BC9CEB8-8B4A-11D0-8D11-00A0C91BC942}") = "paradigmaoop2_178", "paradigmaoop2_178\paradigmaoop2_178.vcxproj", "{E4BFE48F-B5B5-4775-8910-8A36E402D739}"
EndProject
Project("{8BC9CEB8-8B4A-11D0-8D11-00A0C91BC942}") = "problemMultiWaris", "problemMultiWaris\problemMultiWaris.vcxproj", "{D86B48A3-E8F2-4CDC-B986-776CAEFF9759}"
EndProject
Project("{8BC9CEB8-8B4A-11D0-8D11-00A0C91BC942}") = "solveMultiWaris", "solveMultiWaris\solveMultiWaris.vcxproj", "{224406E6-D3EB-4E42-B031-D0080D6957DF}"
EndProject
Project("{8BC9CEB8-8B4A-11D0-8D11-00A0C91BC942}") = "polimorpi", "polimorpi\polimorpi.vcxproj", "{3BF82F43-5736-436C-979C-8BAD11D4BBD4}"
EndProject
Project("{8BC9CEB8-8B4A-11D0-8D11-00A0C91BC942}") = "noOverriding", "noOverriding\noOverriding.vcxproj", "{139C0A6C-DE6D-4EB7-ABF2-891AA38BC9BD}"
EndProject
Project("{8BC9CEB8-8B4A-11D0-8D11-00A0C91BC942}") = "noPewarisan", "noPewarisan\noPewarisan.vcxproj", "{818AABA8-AACA-4F09-B597-10C85EB01050}"
EndProject
Global
	GlobalSection(SolutionConfigurationPlatforms) = preSolution
		Debug|x64 = Debug|x64
		Debug|x86 = Debug|x86
		Release|x64 = Release|x64
		Release|x86 = Release|x86
	EndGlobalSection
	GlobalSection(ProjectConfigurationPlatforms) = postSolution
		{E4BFE48F-B5B5-4775-8910-8A36E402D739}.Debug|x64.ActiveCfg = Debug|x64
		{E4BFE48F-B5B5-4775-8910-8A36E402D739}.Debug|x64.Build.0 = Debug|x64
		{E4BFE48F-B5B5-4775-8910-8A36E402D739}.Debug|x86.ActiveCfg = Debug|Win32
		{E4BFE48F-B5B5-4775-8910-8A36E402D739}.Debug|x86.Build.0 = Debug|Win32
		{E4BFE48F-B5B5-4775-8910-8A36E402D739}.Release|x64.ActiveCfg = Release|x64
		{E4BFE48F-B5B5-4775-8910-8A36E402D739}.Release|x64.Build.0 = Release|x64
		{E4BFE48F-B5B5-4775-8910-8A36E402D739}.Release|x86.ActiveCfg = Release|Win32
		{E4BFE48F-B5B5-4775-8910-8A36E402D739}.Release|x86.Build.0 = Release|Win32
		{D86B48A3-E8F2-4CDC-B986-776CAEFF9759}.Debug|x64.ActiveCfg = Debug|x64
		{D86B48A3-E8F2-4CDC-B986-776CAEFF9759}.Debug|x64.Build.0 = Debug|x64
		{D86B48A3-E8F2-4CDC-B986-776CAEFF9759}.Debug|x86.ActiveCfg = Debug|Win32
		{D86B48A3-E8F2-4CDC-B986-776CAEFF9759}.Debug|x86.Build.0 = Debug|Win32
		{D86B48A3-E8F2-4CDC-B986-776CAEFF9759}.Release|x64.ActiveCfg = Release|x64
		{D86B48A3-E8F2-4CDC-B986-776CAEFF9759}.Release|x64.Build.0 = Release|x64
		{D86B48A3-E8F2-4CDC-B986-776CAEFF9759}.Release|x86.ActiveCfg = Release|Win32
		{D86B48A3-E8F2-4CDC-B986-776CAEFF9759}.Release|x86.Build.0 = Release|Win32
		{224406E6-D3EB-4E42-B031-D0080D6957DF}.Debug|x64.ActiveCfg = Debug|x64
		{224406E6-D3EB-4E42-B031-D0080D6957DF}.Debug|x64.Build.0 = Debug|x64
		{224406E6-D3EB-4E42-B031-D0080D6957DF}.Debug|x86.ActiveCfg = Debug|Win32
		{224406E6-D3EB-4E42-B031-D0080D6957DF}.Debug|x86.Build.0 = Debug|Win32
		{224406E6-D3EB-4E42-B031-D0080D6957DF}.Release|x64.ActiveCfg = Release|x64
		{224406E6-D3EB-4E42-B031-D0080D6957DF}.Release|x64.Build.0 = Release|x64
		{224406E6-D3EB-4E42-B031-D0080D6957DF}.Release|x86.ActiveCfg = Release|Win32
		{224406E6-D3EB-4E42-B031-D0080D6957DF}.Release|x86.Build.0 = Release|Win32
		{3BF82F43-5736-436C-979C-8BAD11D4BBD4}.Debug|x64.ActiveCfg = Debug|x64
		{3BF82F43-5736-436C-979C-8BAD11D4BBD4}.Debug|x64.Build.0 = Debug|x64
		{3BF82F43-5736-436C-979C-8BAD11D4BBD4}.Debug|x86.ActiveCfg = Debug|Win32
		{3BF82F43-5736-436C-979C-8BAD11D4BBD4}.Debug|x86.Build.0 = Debug|Win32
		{3BF82F43-5736-436C-979C-8BAD11D4BBD4}.Release|x64.ActiveCfg = Release|x64
		{3BF82F43-5736-436C-979C-8BAD11D4BBD4}.Release|x64.Build.0 = Release|x64
		{3BF82F43-5736-436C-979C-8BAD11D4BBD4}.Release|x86.ActiveCfg = Release|Win32
		{3BF82F43-5736-436C-979C-8BAD11D4BBD4}.Release|x86.Build.0 = Release|Win32
		{139C0A6C-DE6D-4EB7-ABF2-891AA38BC9BD}.Debug|x64.ActiveCfg = Debug|x64
		{139C0A6C-DE6D-4EB7-ABF2-891AA38BC9BD}.Debug|x64.Build.0 = Debug|x64
		{139C0A6C-DE6D-4EB7-ABF2-891AA38BC9BD}.Debug|x86.ActiveCfg = Debug|Win32
		{139C0A6C-DE6D-4EB7-ABF2-891AA38BC9BD}.Debug|x86.Build.0 = Debug|Win32
		{139C0A6C-DE6D-4EB7-ABF2-891AA38BC9BD}.Release|x64.ActiveCfg = Release|x64
		{139C0A6C-DE6D-4EB7-ABF2-891AA38BC9BD}.Release|x64.Build.0 = Release|x64
		{139C0A6C-DE6D-4EB7-ABF2-891AA38BC9BD}.Release|x86.ActiveCfg = Release|Win32
		{139C0A6C-DE6D-4EB7-ABF2-891AA38BC9BD}.Release|x86.Build.0 = Release|Win32
		{818AABA8-AACA-4F09-B597-10C85EB01050}.Debug|x64.ActiveCfg = Debug|x64
		{818AABA8-AACA-4F09-B597-10C85EB01050}.Debug|x64.Build.0 = Debug|x64
		{818AABA8-AACA-4F09-B597-10C85EB01050}.Debug|x86.ActiveCfg = Debug|Win32
		{818AABA8-AACA-4F09-B597-10C85EB01050}.Debug|x86.Build.0 = Debug|Win32
		{818AABA8-AACA-4F09-B597-10C85EB01050}.Release|x64.ActiveCfg = Release|x64
		{818AABA8-AACA-4F09-B597-10C85EB01050}.Release|x64.Build.0 = Release|x64
		{818AABA8-AACA-4F09-B597-10C85EB01050}.Release|x86.ActiveCfg = Release|Win32
		{818AABA8-AACA-4F09-B597-10C85EB01050}.Release|x86.Build.0 = Release|Win32
	EndGlobalSection
	GlobalSection(SolutionProperties) = preSolution
		HideSolutionNode = FALSE
	EndGlobalSection
	GlobalSection(ExtensibilityGlobals) = postSolution
		SolutionGuid = {C706D8D7-F837-4602-B207-18D90817EBC9}
	EndGlobalSection
EndGlobal
